
Microsoft Visual Studio Solution File, Format Version 12.00
# Visual Studio Version 17
VisualStudioVersion = 17.0.31611.283
MinimumVisualStudioVersion = 10.0.40219.1
Project("{9A19103F-16F7-4668-BE54-9A1E7A4F7556}") = "GestionClasses", "GestionClasses\GestionClasses.csproj", "{AC6F1556-9B00-43A3-BC0D-A3C2294E4DFE}"
EndProject
Global
	GlobalSection(SolutionConfigurationPlatforms) = preSolution
		Debug|Any CPU = Debug|Any CPU
		Release|Any CPU = Release|Any CPU
	EndGlobalSection
	GlobalSection(ProjectConfigurationPlatforms) = postSolution
		{AC6F1556-9B00-43A3-BC0D-A3C2294E4DFE}.Debug|Any CPU.ActiveCfg = Debug|Any CPU
		{AC6F1556-9B00-43A3-BC0D-A3C2294E4DFE}.Debug|Any CPU.Build.0 = Debug|Any CPU
		{AC6F1556-9B00-43A3-BC0D-A3C2294E4DFE}.Debug|Any CPU.Deploy.0 = Debug|Any CPU
		{AC6F1556-9B00-43A3-BC0D-A3C2294E4DFE}.Release|Any CPU.ActiveCfg = Release|Any CPU
		{AC6F1556-9B00-43A3-BC0D-A3C2294E4DFE}.Release|Any CPU.Build.0 = Release|Any CPU
		{AC6F1556-9B00-43A3-BC0D-A3C2294E4DFE}.Release|Any CPU.Deploy.0 = Release|Any CPU
	EndGlobalSection
	GlobalSection(SolutionProperties) = preSolution
		HideSolutionNode = FALSE
	EndGlobalSection
	GlobalSection(ExtensibilityGlobals) = postSolution
		SolutionGuid = {61F7FB11-1E47-470C-91E2-47F8143E1572}
	EndGlobalSection
EndGlobal
